
Microsoft Visual Studio Solution File, Format Version 12.00
# Visual Studio Version 17
VisualStudioVersion = 17.1.32210.238
MinimumVisualStudioVersion = 10.0.40219.1
Project("{FAE04EC0-301F-11D3-BF4B-00C04F79EFBC}") = "ComputersStore", "ComputersStore\ComputersStore.csproj", "{04BA0021-E695-4314-8516-17C1B7188B0D}"
EndProject
Global
	GlobalSection(SolutionConfigurationPlatforms) = preSolution
		Debug|Any CPU = Debug|Any CPU
		Release|Any CPU = Release|Any CPU
	EndGlobalSection
	GlobalSection(ProjectConfigurationPlatforms) = postSolution
		{04BA0021-E695-4314-8516-17C1B7188B0D}.Debug|Any CPU.ActiveCfg = Debug|Any CPU
		{04BA0021-E695-4314-8516-17C1B7188B0D}.Debug|Any CPU.Build.0 = Debug|Any CPU
		{04BA0021-E695-4314-8516-17C1B7188B0D}.Release|Any CPU.ActiveCfg = Release|Any CPU
		{04BA0021-E695-4314-8516-17C1B7188B0D}.Release|Any CPU.Build.0 = Release|Any CPU
	EndGlobalSection
	GlobalSection(SolutionProperties) = preSolution
		HideSolutionNode = FALSE
	EndGlobalSection
	GlobalSection(ExtensibilityGlobals) = postSolution
		SolutionGuid = {EC6B5B09-E837-4AE6-8761-5AC341C4BB82}
	EndGlobalSection
EndGlobal
